
Microsoft Visual Studio Solution File, Format Version 12.00
# Visual Studio Version 17
VisualStudioVersion = 17.10.35004.147
MinimumVisualStudioVersion = 10.0.40219.1
Project("{FAE04EC0-301F-11D3-BF4B-00C04F79EFBC}") = "CommunityFormatter", "CommunityFormatter.csproj", "{0C3DA98A-96FF-4C21-BBBD-4635D1B0D11D}"
EndProject
Global
	GlobalSection(SolutionConfigurationPlatforms) = preSolution
		Debug|Any CPU = Debug|Any CPU
		Release|Any CPU = Release|Any CPU
	EndGlobalSection
	GlobalSection(ProjectConfigurationPlatforms) = postSolution
		{0C3DA98A-96FF-4C21-BBBD-4635D1B0D11D}.Debug|Any CPU.ActiveCfg = Debug|Any CPU
		{0C3DA98A-96FF-4C21-BBBD-4635D1B0D11D}.Debug|Any CPU.Build.0 = Debug|Any CPU
		{0C3DA98A-96FF-4C21-BBBD-4635D1B0D11D}.Release|Any CPU.ActiveCfg = Release|Any CPU
		{0C3DA98A-96FF-4C21-BBBD-4635D1B0D11D}.Release|Any CPU.Build.0 = Release|Any CPU
	EndGlobalSection
	GlobalSection(SolutionProperties) = preSolution
		HideSolutionNode = FALSE
	EndGlobalSection
	GlobalSection(ExtensibilityGlobals) = postSolution
		SolutionGuid = {BB6E49B6-98E4-4999-91F6-66CD7A725895}
	EndGlobalSection
EndGlobal
